
Microsoft Visual Studio Solution File, Format Version 12.00
# Visual Studio Version 16
VisualStudioVersion = 16.0.30011.22
MinimumVisualStudioVersion = 10.0.40219.1
Project("{FAE04EC0-301F-11D3-BF4B-00C04F79EFBC}") = "IterationAssignment", "IterationAssignment\IterationAssignment.csproj", "{3517DED0-83B6-4D3B-8F09-BB794A1E70CC}"
EndProject
Global
	GlobalSection(SolutionConfigurationPlatforms) = preSolution
		Debug|Any CPU = Debug|Any CPU
		Release|Any CPU = Release|Any CPU
	EndGlobalSection
	GlobalSection(ProjectConfigurationPlatforms) = postSolution
		{3517DED0-83B6-4D3B-8F09-BB794A1E70CC}.Debug|Any CPU.ActiveCfg = Debug|Any CPU
		{3517DED0-83B6-4D3B-8F09-BB794A1E70CC}.Debug|Any CPU.Build.0 = Debug|Any CPU
		{3517DED0-83B6-4D3B-8F09-BB794A1E70CC}.Release|Any CPU.ActiveCfg = Release|Any CPU
		{3517DED0-83B6-4D3B-8F09-BB794A1E70CC}.Release|Any CPU.Build.0 = Release|Any CPU
	EndGlobalSection
	GlobalSection(SolutionProperties) = preSolution
		HideSolutionNode = FALSE
	EndGlobalSection
	GlobalSection(ExtensibilityGlobals) = postSolution
		SolutionGuid = {C3E31D3D-4EA2-438A-8A1A-9757639CE169}
	EndGlobalSection
EndGlobal
