
Microsoft Visual Studio Solution File, Format Version 12.00
# Visual Studio Version 16
VisualStudioVersion = 16.0.30011.22
MinimumVisualStudioVersion = 10.0.40219.1
Project("{FAE04EC0-301F-11D3-BF4B-00C04F79EFBC}") = "ClassAssignment6", "ClassAssignment6\ClassAssignment6.csproj", "{BB75AC17-93B4-4AEC-94F5-9C2E27AE4B59}"
EndProject
Global
	GlobalSection(SolutionConfigurationPlatforms) = preSolution
		Debug|Any CPU = Debug|Any CPU
		Release|Any CPU = Release|Any CPU
	EndGlobalSection
	GlobalSection(ProjectConfigurationPlatforms) = postSolution
		{BB75AC17-93B4-4AEC-94F5-9C2E27AE4B59}.Debug|Any CPU.ActiveCfg = Debug|Any CPU
		{BB75AC17-93B4-4AEC-94F5-9C2E27AE4B59}.Debug|Any CPU.Build.0 = Debug|Any CPU
		{BB75AC17-93B4-4AEC-94F5-9C2E27AE4B59}.Release|Any CPU.ActiveCfg = Release|Any CPU
		{BB75AC17-93B4-4AEC-94F5-9C2E27AE4B59}.Release|Any CPU.Build.0 = Release|Any CPU
	EndGlobalSection
	GlobalSection(SolutionProperties) = preSolution
		HideSolutionNode = FALSE
	EndGlobalSection
	GlobalSection(ExtensibilityGlobals) = postSolution
		SolutionGuid = {8B4EAE33-0318-4A31-A5B2-5DF530FCF7F2}
	EndGlobalSection
EndGlobal
