
Microsoft Visual Studio Solution File, Format Version 12.00
# Visual Studio Version 16
VisualStudioVersion = 16.0.30011.22
MinimumVisualStudioVersion = 10.0.40219.1
Project("{FAE04EC0-301F-11D3-BF4B-00C04F79EFBC}") = "FileIOAssignment", "FileIOAssignment\FileIOAssignment.csproj", "{F2A64F0A-C201-4FBC-8252-A90FC6DCD047}"
EndProject
Global
	GlobalSection(SolutionConfigurationPlatforms) = preSolution
		Debug|Any CPU = Debug|Any CPU
		Release|Any CPU = Release|Any CPU
	EndGlobalSection
	GlobalSection(ProjectConfigurationPlatforms) = postSolution
		{F2A64F0A-C201-4FBC-8252-A90FC6DCD047}.Debug|Any CPU.ActiveCfg = Debug|Any CPU
		{F2A64F0A-C201-4FBC-8252-A90FC6DCD047}.Debug|Any CPU.Build.0 = Debug|Any CPU
		{F2A64F0A-C201-4FBC-8252-A90FC6DCD047}.Release|Any CPU.ActiveCfg = Release|Any CPU
		{F2A64F0A-C201-4FBC-8252-A90FC6DCD047}.Release|Any CPU.Build.0 = Release|Any CPU
	EndGlobalSection
	GlobalSection(SolutionProperties) = preSolution
		HideSolutionNode = FALSE
	EndGlobalSection
	GlobalSection(ExtensibilityGlobals) = postSolution
		SolutionGuid = {D8E9E8BB-B50A-4433-94D5-7E35EA8ECC09}
	EndGlobalSection
EndGlobal
