
Microsoft Visual Studio Solution File, Format Version 12.00
# Visual Studio Version 16
VisualStudioVersion = 16.0.30011.22
MinimumVisualStudioVersion = 10.0.40219.1
Project("{FAE04EC0-301F-11D3-BF4B-00C04F79EFBC}") = "ClassAssignment2", "ClassAssignment2\ClassAssignment2.csproj", "{60A90411-B089-4A25-BB03-C4C8A39D6C79}"
EndProject
Global
	GlobalSection(SolutionConfigurationPlatforms) = preSolution
		Debug|Any CPU = Debug|Any CPU
		Release|Any CPU = Release|Any CPU
	EndGlobalSection
	GlobalSection(ProjectConfigurationPlatforms) = postSolution
		{60A90411-B089-4A25-BB03-C4C8A39D6C79}.Debug|Any CPU.ActiveCfg = Debug|Any CPU
		{60A90411-B089-4A25-BB03-C4C8A39D6C79}.Debug|Any CPU.Build.0 = Debug|Any CPU
		{60A90411-B089-4A25-BB03-C4C8A39D6C79}.Release|Any CPU.ActiveCfg = Release|Any CPU
		{60A90411-B089-4A25-BB03-C4C8A39D6C79}.Release|Any CPU.Build.0 = Release|Any CPU
	EndGlobalSection
	GlobalSection(SolutionProperties) = preSolution
		HideSolutionNode = FALSE
	EndGlobalSection
	GlobalSection(ExtensibilityGlobals) = postSolution
		SolutionGuid = {66EBFC8D-BDA0-4022-863C-037AE4C7091A}
	EndGlobalSection
EndGlobal
