
Microsoft Visual Studio Solution File, Format Version 12.00
# Visual Studio Version 16
VisualStudioVersion = 16.0.30011.22
MinimumVisualStudioVersion = 10.0.40219.1
Project("{FAE04EC0-301F-11D3-BF4B-00C04F79EFBC}") = "StringFunctionAssignment", "StringFunctionAssignment\StringFunctionAssignment.csproj", "{3BBCCBC9-3B90-4826-BF2E-BF20B0D0C093}"
EndProject
Global
	GlobalSection(SolutionConfigurationPlatforms) = preSolution
		Debug|Any CPU = Debug|Any CPU
		Release|Any CPU = Release|Any CPU
	EndGlobalSection
	GlobalSection(ProjectConfigurationPlatforms) = postSolution
		{3BBCCBC9-3B90-4826-BF2E-BF20B0D0C093}.Debug|Any CPU.ActiveCfg = Debug|Any CPU
		{3BBCCBC9-3B90-4826-BF2E-BF20B0D0C093}.Debug|Any CPU.Build.0 = Debug|Any CPU
		{3BBCCBC9-3B90-4826-BF2E-BF20B0D0C093}.Release|Any CPU.ActiveCfg = Release|Any CPU
		{3BBCCBC9-3B90-4826-BF2E-BF20B0D0C093}.Release|Any CPU.Build.0 = Release|Any CPU
	EndGlobalSection
	GlobalSection(SolutionProperties) = preSolution
		HideSolutionNode = FALSE
	EndGlobalSection
	GlobalSection(ExtensibilityGlobals) = postSolution
		SolutionGuid = {DF24ABC6-7AFA-4A45-9154-00A83F0F4222}
	EndGlobalSection
EndGlobal
