
Microsoft Visual Studio Solution File, Format Version 12.00
# Visual Studio Version 16
VisualStudioVersion = 16.0.30011.22
MinimumVisualStudioVersion = 10.0.40219.1
Project("{FAE04EC0-301F-11D3-BF4B-00C04F79EFBC}") = "ClassAssignment", "ClassAssignment\ClassAssignment.csproj", "{387147FF-CFDD-477D-B97C-115E634EA8D3}"
EndProject
Global
	GlobalSection(SolutionConfigurationPlatforms) = preSolution
		Debug|Any CPU = Debug|Any CPU
		Release|Any CPU = Release|Any CPU
	EndGlobalSection
	GlobalSection(ProjectConfigurationPlatforms) = postSolution
		{387147FF-CFDD-477D-B97C-115E634EA8D3}.Debug|Any CPU.ActiveCfg = Debug|Any CPU
		{387147FF-CFDD-477D-B97C-115E634EA8D3}.Debug|Any CPU.Build.0 = Debug|Any CPU
		{387147FF-CFDD-477D-B97C-115E634EA8D3}.Release|Any CPU.ActiveCfg = Release|Any CPU
		{387147FF-CFDD-477D-B97C-115E634EA8D3}.Release|Any CPU.Build.0 = Release|Any CPU
	EndGlobalSection
	GlobalSection(SolutionProperties) = preSolution
		HideSolutionNode = FALSE
	EndGlobalSection
	GlobalSection(ExtensibilityGlobals) = postSolution
		SolutionGuid = {162B0EC5-50B8-4076-B63F-1338A6DEEE87}
	EndGlobalSection
EndGlobal
