
Microsoft Visual Studio Solution File, Format Version 12.00
# Visual Studio Version 16
VisualStudioVersion = 16.0.30011.22
MinimumVisualStudioVersion = 10.0.40219.1
Project("{FAE04EC0-301F-11D3-BF4B-00C04F79EFBC}") = "WhileDoWhileAssignment", "WhileDoWhileAssignment\WhileDoWhileAssignment.csproj", "{7F0AC5D0-7A3D-469E-8F99-4F868B55136C}"
EndProject
Global
	GlobalSection(SolutionConfigurationPlatforms) = preSolution
		Debug|Any CPU = Debug|Any CPU
		Release|Any CPU = Release|Any CPU
	EndGlobalSection
	GlobalSection(ProjectConfigurationPlatforms) = postSolution
		{7F0AC5D0-7A3D-469E-8F99-4F868B55136C}.Debug|Any CPU.ActiveCfg = Debug|Any CPU
		{7F0AC5D0-7A3D-469E-8F99-4F868B55136C}.Debug|Any CPU.Build.0 = Debug|Any CPU
		{7F0AC5D0-7A3D-469E-8F99-4F868B55136C}.Release|Any CPU.ActiveCfg = Release|Any CPU
		{7F0AC5D0-7A3D-469E-8F99-4F868B55136C}.Release|Any CPU.Build.0 = Release|Any CPU
	EndGlobalSection
	GlobalSection(SolutionProperties) = preSolution
		HideSolutionNode = FALSE
	EndGlobalSection
	GlobalSection(ExtensibilityGlobals) = postSolution
		SolutionGuid = {4DDC0942-A9C2-4A67-9ECB-6C2EA30F1128}
	EndGlobalSection
EndGlobal
